
Microsoft Visual Studio Solution File, Format Version 12.00
# Visual Studio 15
VisualStudioVersion = 15.0.28307.1705
MinimumVisualStudioVersion = 10.0.40219.1
Project("{8BC9CEB8-8B4A-11D0-8D11-00A0C91BC942}") = "lab2", "lab2\lab2.vcxproj", "{E1412B22-0224-4D6B-8D12-512246062C5C}"
EndProject
Global
	GlobalSection(SolutionConfigurationPlatforms) = preSolution
		Debug|x64 = Debug|x64
		Debug|x86 = Debug|x86
		Release|x64 = Release|x64
		Release|x86 = Release|x86
	EndGlobalSection
	GlobalSection(ProjectConfigurationPlatforms) = postSolution
		{E1412B22-0224-4D6B-8D12-512246062C5C}.Debug|x64.ActiveCfg = Debug|x64
		{E1412B22-0224-4D6B-8D12-512246062C5C}.Debug|x64.Build.0 = Debug|x64
		{E1412B22-0224-4D6B-8D12-512246062C5C}.Debug|x86.ActiveCfg = Debug|Win32
		{E1412B22-0224-4D6B-8D12-512246062C5C}.Debug|x86.Build.0 = Debug|Win32
		{E1412B22-0224-4D6B-8D12-512246062C5C}.Release|x64.ActiveCfg = Release|x64
		{E1412B22-0224-4D6B-8D12-512246062C5C}.Release|x64.Build.0 = Release|x64
		{E1412B22-0224-4D6B-8D12-512246062C5C}.Release|x86.ActiveCfg = Release|Win32
		{E1412B22-0224-4D6B-8D12-512246062C5C}.Release|x86.Build.0 = Release|Win32
	EndGlobalSection
	GlobalSection(SolutionProperties) = preSolution
		HideSolutionNode = FALSE
	EndGlobalSection
	GlobalSection(ExtensibilityGlobals) = postSolution
		SolutionGuid = {2E5BBB96-69DE-4642-A1DE-D6B916766269}
	EndGlobalSection
EndGlobal
